// !$*UTF8*$!
{
	archiveVersion = 1;
	classes = {
	};
	objectVersion = 50;
	objects = {

/* Begin PBXBuildFile section */
		3267209665B67BFC9F92228C /* CGContext+DrawImage.swift in Sources */ = {isa = PBXBuildFile; fileRef = 32672CD2E78E0836ACDEC574 /* CGContext+DrawImage.swift */; };
		326721462EE4DE7D11763D5E /* ShoppingBoxFooterView.swift in Sources */ = {isa = PBXBuildFile; fileRef = 32672B81873DCC9CF450CB27 /* ShoppingBoxFooterView.swift */; };
		326721A42AEE55DED4EBF6F5 /* ShoppingBoxSeparatorView.swift in Sources */ = {isa = PBXBuildFile; fileRef = 326723B77BCBF76B8B861426 /* ShoppingBoxSeparatorView.swift */; };
		32672248680F89E556E0C4C5 /* CGContext+ResetGlobals.swift in Sources */ = {isa = PBXBuildFile; fileRef = 3267244A4AE082E5C036BD56 /* CGContext+ResetGlobals.swift */; };
		3267248AF1A53F1BD2544336 /* UIImage+Color.swift in Sources */ = {isa = PBXBuildFile; fileRef = 32672736279959EEE2EE7633 /* UIImage+Color.swift */; };
		3267250311180D7BDCD41DAD /* ShoppingBoxItemView.swift in Sources */ = {isa = PBXBuildFile; fileRef = 32672E2FFFCC144250301C26 /* ShoppingBoxItemView.swift */; };
		32672532256CC5BB1289AED9 /* ShoppingBarController.swift in Sources */ = {isa = PBXBuildFile; fileRef = 32672076101FBF6DCA4A2937 /* ShoppingBarController.swift */; };
		32672536137E871ECBF3C09E /* ShoppingBarControllerSpec.swift in Sources */ = {isa = PBXBuildFile; fileRef = 3267237828F14E83A35A2770 /* ShoppingBarControllerSpec.swift */; };
		3267255DA6CB95D2D25F1451 /* Styles.swift in Sources */ = {isa = PBXBuildFile; fileRef = 3267270A4EB69958133B7A24 /* Styles.swift */; };
		326725B60D2A34323456CEC7 /* AppDelegateSpec.swift in Sources */ = {isa = PBXBuildFile; fileRef = 32672597C6B12FBFFD07B57B /* AppDelegateSpec.swift */; };
		326725D5281E8E88A54608BA /* ShoppingBoxController.swift in Sources */ = {isa = PBXBuildFile; fileRef = 326724E88E5186E5360C53BB /* ShoppingBoxController.swift */; };
		3267267ACE9FF34308BD5EF2 /* UIFont+Convenience.swift in Sources */ = {isa = PBXBuildFile; fileRef = 3267296229946757EEAEABDE /* UIFont+Convenience.swift */; };
		32672681BBCAEB446548E977 /* ShoppingBoxPriceView.swift in Sources */ = {isa = PBXBuildFile; fileRef = 32672549DA59C2630442ED22 /* ShoppingBoxPriceView.swift */; };
		326726D75CFC5FAAEF190469 /* UIStackView+ReplaceSubviews.swift in Sources */ = {isa = PBXBuildFile; fileRef = 32672FFA0D644C14D2F38740 /* UIStackView+ReplaceSubviews.swift */; };
		3267272E7AFC942CF7674E1E /* UIBezierPath+LineInRectangle.swift in Sources */ = {isa = PBXBuildFile; fileRef = 326726D9597284D35435DCDB /* UIBezierPath+LineInRectangle.swift */; };
		326727B2B73CAB039371B057 /* ApplianceSpec.swift in Sources */ = {isa = PBXBuildFile; fileRef = 32672E479F609D652BA12E76 /* ApplianceSpec.swift */; };
		326727EB2D1BC47DB2CF63EF /* Composition.swift in Sources */ = {isa = PBXBuildFile; fileRef = 326724162483BD5825424EF9 /* Composition.swift */; };
		32672801CD78691A92F6EB6B /* CompositionSpec.swift in Sources */ = {isa = PBXBuildFile; fileRef = 32672696104257987B079EC4 /* CompositionSpec.swift */; };
		32672804EA13374BB7FCE6BA /* AppDelegate.swift in Sources */ = {isa = PBXBuildFile; fileRef = 32672CCEF714F7CDC441C9B7 /* AppDelegate.swift */; };
		326728245FDC15C17E529A87 /* ShoppingBoxView.swift in Sources */ = {isa = PBXBuildFile; fileRef = 32672B3020CF2515472B6E5B /* ShoppingBoxView.swift */; };
		32672848E415A5994F8B13B5 /* ShoppingBoxStyles.swift in Sources */ = {isa = PBXBuildFile; fileRef = 32672AD7C23E69A499813550 /* ShoppingBoxStyles.swift */; };
		3267285FED249CC505AC098E /* ShoppingBoxPresenter.swift in Sources */ = {isa = PBXBuildFile; fileRef = 326723004EC4EFEAE4668383 /* ShoppingBoxPresenter.swift */; };
		326729327168E46CFB2F65D4 /* UIViewController+ChildrenSpec.swift in Sources */ = {isa = PBXBuildFile; fileRef = 3267294512FB162C8DF3AE65 /* UIViewController+ChildrenSpec.swift */; };
		3267293BC7D13AB8EA9B5C1B /* UIImagePredicate.swift in Sources */ = {isa = PBXBuildFile; fileRef = 32672F83B16C96F68BF03EF6 /* UIImagePredicate.swift */; };
		32672968B43BF011B44A1CAD /* CGContext+DrawImageSpec.swift in Sources */ = {isa = PBXBuildFile; fileRef = 32672BCA382904451C4FEBF1 /* CGContext+DrawImageSpec.swift */; };
		326729975058D7976C62D978 /* CGContext+Globals.swift in Sources */ = {isa = PBXBuildFile; fileRef = 32672F95C67E9276B2682706 /* CGContext+Globals.swift */; };
		32672A3C1C9B55A91552BD42 /* RoundedCorner.swift in Sources */ = {isa = PBXBuildFile; fileRef = 32672AE680239A70B031D0F0 /* RoundedCorner.swift */; };
		32672E225BB372FEACCDFDB1 /* Album.swift in Sources */ = {isa = PBXBuildFile; fileRef = 32672E5BECAB5E8AA3B3D713 /* Album.swift */; };
		32672E6AF0F897929D648415 /* Color.swift in Sources */ = {isa = PBXBuildFile; fileRef = 32672BED0705778B22001111 /* Color.swift */; };
		32672F01BC5D2D648DEA8C11 /* Appliance.swift in Sources */ = {isa = PBXBuildFile; fileRef = 3267214B2128E42E7806BB23 /* Appliance.swift */; };
		32672F2B267BB5A747026B05 /* SnapshotDiffToolConfiguration.swift in Sources */ = {isa = PBXBuildFile; fileRef = 326721C215E4A730D48F81B8 /* SnapshotDiffToolConfiguration.swift */; };
		32672F749470BDAF17C3EEA4 /* UIViewController+Embed.swift in Sources */ = {isa = PBXBuildFile; fileRef = 326720D6E6D09E96DDA07856 /* UIViewController+Embed.swift */; };
		32672FB9984B27608A77D966 /* ShoppingBoxControllerSpec.swift in Sources */ = {isa = PBXBuildFile; fileRef = 326728130821FC372F765BF6 /* ShoppingBoxControllerSpec.swift */; };
		32672FFF6543A21405F89EAA /* ShoppingBoxItemsView.swift in Sources */ = {isa = PBXBuildFile; fileRef = 32672758F5AEE9FEC5CAF5F7 /* ShoppingBoxItemsView.swift */; };
		8C2243C32202125600C3470B /* Nunito-Bold.ttf in Resources */ = {isa = PBXBuildFile; fileRef = 8C2243B52202125600C3470B /* Nunito-Bold.ttf */; };
		8C2243C42202125600C3470B /* Nunito-ExtraBoldItalic.ttf in Resources */ = {isa = PBXBuildFile; fileRef = 8C2243B62202125600C3470B /* Nunito-ExtraBoldItalic.ttf */; };
		8C2243C52202125600C3470B /* Nunito-Black.ttf in Resources */ = {isa = PBXBuildFile; fileRef = 8C2243B72202125600C3470B /* Nunito-Black.ttf */; };
		8C2243C62202125600C3470B /* Nunito-ExtraLight.ttf in Resources */ = {isa = PBXBuildFile; fileRef = 8C2243B82202125600C3470B /* Nunito-ExtraLight.ttf */; };
		8C2243C72202125600C3470B /* Nunito-Italic.ttf in Resources */ = {isa = PBXBuildFile; fileRef = 8C2243B92202125600C3470B /* Nunito-Italic.ttf */; };
		8C2243C82202125600C3470B /* Nunito-SemiBold.ttf in Resources */ = {isa = PBXBuildFile; fileRef = 8C2243BA2202125600C3470B /* Nunito-SemiBold.ttf */; };
		8C2243C92202125600C3470B /* Nunito-Light.ttf in Resources */ = {isa = PBXBuildFile; fileRef = 8C2243BB2202125600C3470B /* Nunito-Light.ttf */; };
		8C2243CA2202125600C3470B /* Nunito-BlackItalic.ttf in Resources */ = {isa = PBXBuildFile; fileRef = 8C2243BC2202125600C3470B /* Nunito-BlackItalic.ttf */; };
		8C2243CB2202125600C3470B /* Nunito-LightItalic.ttf in Resources */ = {isa = PBXBuildFile; fileRef = 8C2243BD2202125600C3470B /* Nunito-LightItalic.ttf */; };
		8C2243CC2202125600C3470B /* Nunito-ExtraLightItalic.ttf in Resources */ = {isa = PBXBuildFile; fileRef = 8C2243BE2202125600C3470B /* Nunito-ExtraLightItalic.ttf */; };
		8C2243CD2202125600C3470B /* Nunito-BoldItalic.ttf in Resources */ = {isa = PBXBuildFile; fileRef = 8C2243BF2202125600C3470B /* Nunito-BoldItalic.ttf */; };
		8C2243CE2202125600C3470B /* Nunito-Regular.ttf in Resources */ = {isa = PBXBuildFile; fileRef = 8C2243C02202125600C3470B /* Nunito-Regular.ttf */; };
		8C2243CF2202125600C3470B /* Nunito-ExtraBold.ttf in Resources */ = {isa = PBXBuildFile; fileRef = 8C2243C12202125600C3470B /* Nunito-ExtraBold.ttf */; };
		8C2243D02202125600C3470B /* Nunito-SemiBoldItalic.ttf in Resources */ = {isa = PBXBuildFile; fileRef = 8C2243C22202125600C3470B /* Nunito-SemiBoldItalic.ttf */; };
		8C2243D2220213A700C3470B /* Font.swift in Sources */ = {isa = PBXBuildFile; fileRef = 8C2243D1220213A700C3470B /* Font.swift */; };
		8CD3274222030922009711DA /* BonMot.framework in Frameworks */ = {isa = PBXBuildFile; fileRef = 8CD3274122030922009711DA /* BonMot.framework */; };
		8CFA76D52201DC8B00E4D81D /* ViewController.swift in Sources */ = {isa = PBXBuildFile; fileRef = 8CFA76D42201DC8B00E4D81D /* ViewController.swift */; };
		8CFA76DA2201DC8C00E4D81D /* Assets.xcassets in Resources */ = {isa = PBXBuildFile; fileRef = 8CFA76D92201DC8C00E4D81D /* Assets.xcassets */; };
		8CFA76DD2201DC8C00E4D81D /* LaunchScreen.storyboard in Resources */ = {isa = PBXBuildFile; fileRef = 8CFA76DB2201DC8C00E4D81D /* LaunchScreen.storyboard */; };
		8CFA76F52201E65100E4D81D /* Nimble.framework in Frameworks */ = {isa = PBXBuildFile; fileRef = 8CFA76F32201E65100E4D81D /* Nimble.framework */; };
		8CFA76F62201E65100E4D81D /* Quick.framework in Frameworks */ = {isa = PBXBuildFile; fileRef = 8CFA76F42201E65100E4D81D /* Quick.framework */; };
		8CFA76FB2201E76B00E4D81D /* Nimble.framework in CopyFiles */ = {isa = PBXBuildFile; fileRef = 8CFA76F32201E65100E4D81D /* Nimble.framework */; settings = {ATTRIBUTES = (CodeSignOnCopy, RemoveHeadersOnCopy, ); }; };
		8CFA76FC2201E76B00E4D81D /* Quick.framework in CopyFiles */ = {isa = PBXBuildFile; fileRef = 8CFA76F42201E65100E4D81D /* Quick.framework */; settings = {ATTRIBUTES = (CodeSignOnCopy, RemoveHeadersOnCopy, ); }; };
		8CFA76FE2201EC4900E4D81D /* SnapshotTesting.framework in Frameworks */ = {isa = PBXBuildFile; fileRef = 8CFA76FD2201EC4900E4D81D /* SnapshotTesting.framework */; };
		8CFA77012201EDAF00E4D81D /* Anchorage.framework in Frameworks */ = {isa = PBXBuildFile; fileRef = 8CFA77002201EDAF00E4D81D /* Anchorage.framework */; };
		8CFA77022201EDEC00E4D81D /* SnapshotTesting.framework in CopyFiles */ = {isa = PBXBuildFile; fileRef = 8CFA76FD2201EC4900E4D81D /* SnapshotTesting.framework */; settings = {ATTRIBUTES = (CodeSignOnCopy, RemoveHeadersOnCopy, ); }; };
		8CFA77082201F99A00E4D81D /* Hue.framework in Frameworks */ = {isa = PBXBuildFile; fileRef = 8CFA77072201F99A00E4D81D /* Hue.framework */; };
/* End PBXBuildFile section */

/* Begin PBXContainerItemProxy section */
		8CFA76E42201DC8C00E4D81D /* PBXContainerItemProxy */ = {
			isa = PBXContainerItemProxy;
			containerPortal = 8CFA76C72201DC8B00E4D81D /* Project object */;
			proxyType = 1;
			remoteGlobalIDString = 8CFA76CE2201DC8B00E4D81D;
			remoteInfo = VinylShop;
		};
/* End PBXContainerItemProxy section */

/* Begin PBXCopyFilesBuildPhase section */
		8CFA76FA2201E76200E4D81D /* CopyFiles */ = {
			isa = PBXCopyFilesBuildPhase;
			buildActionMask = 2147483647;
			dstPath = "";
			dstSubfolderSpec = 10;
			files = (
				8CFA77022201EDEC00E4D81D /* SnapshotTesting.framework in CopyFiles */,
				8CFA76FB2201E76B00E4D81D /* Nimble.framework in CopyFiles */,
				8CFA76FC2201E76B00E4D81D /* Quick.framework in CopyFiles */,
			);
			runOnlyForDeploymentPostprocessing = 0;
		};
/* End PBXCopyFilesBuildPhase section */

/* Begin PBXFileReference section */
		32672076101FBF6DCA4A2937 /* ShoppingBarController.swift */ = {isa = PBXFileReference; fileEncoding = 4; lastKnownFileType = sourcecode.swift; path = ShoppingBarController.swift; sourceTree = "<group>"; };
		326720D6E6D09E96DDA07856 /* UIViewController+Embed.swift */ = {isa = PBXFileReference; fileEncoding = 4; lastKnownFileType = sourcecode.swift; path = "UIViewController+Embed.swift"; sourceTree = "<group>"; };
		3267214B2128E42E7806BB23 /* Appliance.swift */ = {isa = PBXFileReference; fileEncoding = 4; lastKnownFileType = sourcecode.swift; path = Appliance.swift; sourceTree = "<group>"; };
		326721C215E4A730D48F81B8 /* SnapshotDiffToolConfiguration.swift */ = {isa = PBXFileReference; fileEncoding = 4; lastKnownFileType = sourcecode.swift; path = SnapshotDiffToolConfiguration.swift; sourceTree = "<group>"; };
		326723004EC4EFEAE4668383 /* ShoppingBoxPresenter.swift */ = {isa = PBXFileReference; fileEncoding = 4; lastKnownFileType = sourcecode.swift; path = ShoppingBoxPresenter.swift; sourceTree = "<group>"; };
		3267237828F14E83A35A2770 /* ShoppingBarControllerSpec.swift */ = {isa = PBXFileReference; fileEncoding = 4; lastKnownFileType = sourcecode.swift; path = ShoppingBarControllerSpec.swift; sourceTree = "<group>"; };
		326723B77BCBF76B8B861426 /* ShoppingBoxSeparatorView.swift */ = {isa = PBXFileReference; fileEncoding = 4; lastKnownFileType = sourcecode.swift; path = ShoppingBoxSeparatorView.swift; sourceTree = "<group>"; };
		326724162483BD5825424EF9 /* Composition.swift */ = {isa = PBXFileReference; fileEncoding = 4; lastKnownFileType = sourcecode.swift; path = Composition.swift; sourceTree = "<group>"; };
		3267244A4AE082E5C036BD56 /* CGContext+ResetGlobals.swift */ = {isa = PBXFileReference; fileEncoding = 4; lastKnownFileType = sourcecode.swift; path = "CGContext+ResetGlobals.swift"; sourceTree = "<group>"; };
		326724E88E5186E5360C53BB /* ShoppingBoxController.swift */ = {isa = PBXFileReference; fileEncoding = 4; lastKnownFileType = sourcecode.swift; path = ShoppingBoxController.swift; sourceTree = "<group>"; };
		32672549DA59C2630442ED22 /* ShoppingBoxPriceView.swift */ = {isa = PBXFileReference; fileEncoding = 4; lastKnownFileType = sourcecode.swift; path = ShoppingBoxPriceView.swift; sourceTree = "<group>"; };
		32672597C6B12FBFFD07B57B /* AppDelegateSpec.swift */ = {isa = PBXFileReference; fileEncoding = 4; lastKnownFileType = sourcecode.swift; path = AppDelegateSpec.swift; sourceTree = "<group>"; };
		32672696104257987B079EC4 /* CompositionSpec.swift */ = {isa = PBXFileReference; fileEncoding = 4; lastKnownFileType = sourcecode.swift; path = CompositionSpec.swift; sourceTree = "<group>"; };
		326726D9597284D35435DCDB /* UIBezierPath+LineInRectangle.swift */ = {isa = PBXFileReference; fileEncoding = 4; lastKnownFileType = sourcecode.swift; path = "UIBezierPath+LineInRectangle.swift"; sourceTree = "<group>"; };
		3267270A4EB69958133B7A24 /* Styles.swift */ = {isa = PBXFileReference; fileEncoding = 4; lastKnownFileType = sourcecode.swift; path = Styles.swift; sourceTree = "<group>"; };
		32672736279959EEE2EE7633 /* UIImage+Color.swift */ = {isa = PBXFileReference; fileEncoding = 4; lastKnownFileType = sourcecode.swift; path = "UIImage+Color.swift"; sourceTree = "<group>"; };
		32672758F5AEE9FEC5CAF5F7 /* ShoppingBoxItemsView.swift */ = {isa = PBXFileReference; fileEncoding = 4; lastKnownFileType = sourcecode.swift; path = ShoppingBoxItemsView.swift; sourceTree = "<group>"; };
		326728130821FC372F765BF6 /* ShoppingBoxControllerSpec.swift */ = {isa = PBXFileReference; fileEncoding = 4; lastKnownFileType = sourcecode.swift; path = ShoppingBoxControllerSpec.swift; sourceTree = "<group>"; };
		3267294512FB162C8DF3AE65 /* UIViewController+ChildrenSpec.swift */ = {isa = PBXFileReference; fileEncoding = 4; lastKnownFileType = sourcecode.swift; path = "UIViewController+ChildrenSpec.swift"; sourceTree = "<group>"; };
		3267296229946757EEAEABDE /* UIFont+Convenience.swift */ = {isa = PBXFileReference; fileEncoding = 4; lastKnownFileType = sourcecode.swift; path = "UIFont+Convenience.swift"; sourceTree = "<group>"; };
		32672AD7C23E69A499813550 /* ShoppingBoxStyles.swift */ = {isa = PBXFileReference; fileEncoding = 4; lastKnownFileType = sourcecode.swift; path = ShoppingBoxStyles.swift; sourceTree = "<group>"; };
		32672AE680239A70B031D0F0 /* RoundedCorner.swift */ = {isa = PBXFileReference; fileEncoding = 4; lastKnownFileType = sourcecode.swift; path = RoundedCorner.swift; sourceTree = "<group>"; };
		32672B3020CF2515472B6E5B /* ShoppingBoxView.swift */ = {isa = PBXFileReference; fileEncoding = 4; lastKnownFileType = sourcecode.swift; path = ShoppingBoxView.swift; sourceTree = "<group>"; };
		32672B81873DCC9CF450CB27 /* ShoppingBoxFooterView.swift */ = {isa = PBXFileReference; fileEncoding = 4; lastKnownFileType = sourcecode.swift; path = ShoppingBoxFooterView.swift; sourceTree = "<group>"; };
		32672BCA382904451C4FEBF1 /* CGContext+DrawImageSpec.swift */ = {isa = PBXFileReference; fileEncoding = 4; lastKnownFileType = sourcecode.swift; path = "CGContext+DrawImageSpec.swift"; sourceTree = "<group>"; };
		32672BED0705778B22001111 /* Color.swift */ = {isa = PBXFileReference; fileEncoding = 4; lastKnownFileType = sourcecode.swift; path = Color.swift; sourceTree = "<group>"; };
		32672CCEF714F7CDC441C9B7 /* AppDelegate.swift */ = {isa = PBXFileReference; fileEncoding = 4; lastKnownFileType = sourcecode.swift; path = AppDelegate.swift; sourceTree = "<group>"; };
		32672CD2E78E0836ACDEC574 /* CGContext+DrawImage.swift */ = {isa = PBXFileReference; fileEncoding = 4; lastKnownFileType = sourcecode.swift; path = "CGContext+DrawImage.swift"; sourceTree = "<group>"; };
		32672E2FFFCC144250301C26 /* ShoppingBoxItemView.swift */ = {isa = PBXFileReference; fileEncoding = 4; lastKnownFileType = sourcecode.swift; path = ShoppingBoxItemView.swift; sourceTree = "<group>"; };
		32672E479F609D652BA12E76 /* ApplianceSpec.swift */ = {isa = PBXFileReference; fileEncoding = 4; lastKnownFileType = sourcecode.swift; path = ApplianceSpec.swift; sourceTree = "<group>"; };
		32672E5BECAB5E8AA3B3D713 /* Album.swift */ = {isa = PBXFileReference; fileEncoding = 4; lastKnownFileType = sourcecode.swift; path = Album.swift; sourceTree = "<group>"; };
		32672F83B16C96F68BF03EF6 /* UIImagePredicate.swift */ = {isa = PBXFileReference; fileEncoding = 4; lastKnownFileType = sourcecode.swift; path = UIImagePredicate.swift; sourceTree = "<group>"; };
		32672F95C67E9276B2682706 /* CGContext+Globals.swift */ = {isa = PBXFileReference; fileEncoding = 4; lastKnownFileType = sourcecode.swift; path = "CGContext+Globals.swift"; sourceTree = "<group>"; };
		32672FFA0D644C14D2F38740 /* UIStackView+ReplaceSubviews.swift */ = {isa = PBXFileReference; fileEncoding = 4; lastKnownFileType = sourcecode.swift; path = "UIStackView+ReplaceSubviews.swift"; sourceTree = "<group>"; };
		8C2243B52202125600C3470B /* Nunito-Bold.ttf */ = {isa = PBXFileReference; lastKnownFileType = file; path = "Nunito-Bold.ttf"; sourceTree = "<group>"; };
		8C2243B62202125600C3470B /* Nunito-ExtraBoldItalic.ttf */ = {isa = PBXFileReference; lastKnownFileType = file; path = "Nunito-ExtraBoldItalic.ttf"; sourceTree = "<group>"; };
		8C2243B72202125600C3470B /* Nunito-Black.ttf */ = {isa = PBXFileReference; lastKnownFileType = file; path = "Nunito-Black.ttf"; sourceTree = "<group>"; };
		8C2243B82202125600C3470B /* Nunito-ExtraLight.ttf */ = {isa = PBXFileReference; lastKnownFileType = file; path = "Nunito-ExtraLight.ttf"; sourceTree = "<group>"; };
		8C2243B92202125600C3470B /* Nunito-Italic.ttf */ = {isa = PBXFileReference; lastKnownFileType = file; path = "Nunito-Italic.ttf"; sourceTree = "<group>"; };
		8C2243BA2202125600C3470B /* Nunito-SemiBold.ttf */ = {isa = PBXFileReference; lastKnownFileType = file; path = "Nunito-SemiBold.ttf"; sourceTree = "<group>"; };
		8C2243BB2202125600C3470B /* Nunito-Light.ttf */ = {isa = PBXFileReference; lastKnownFileType = file; path = "Nunito-Light.ttf"; sourceTree = "<group>"; };
		8C2243BC2202125600C3470B /* Nunito-BlackItalic.ttf */ = {isa = PBXFileReference; lastKnownFileType = file; path = "Nunito-BlackItalic.ttf"; sourceTree = "<group>"; };
		8C2243BD2202125600C3470B /* Nunito-LightItalic.ttf */ = {isa = PBXFileReference; lastKnownFileType = file; path = "Nunito-LightItalic.ttf"; sourceTree = "<group>"; };
		8C2243BE2202125600C3470B /* Nunito-ExtraLightItalic.ttf */ = {isa = PBXFileReference; lastKnownFileType = file; path = "Nunito-ExtraLightItalic.ttf"; sourceTree = "<group>"; };
		8C2243BF2202125600C3470B /* Nunito-BoldItalic.ttf */ = {isa = PBXFileReference; lastKnownFileType = file; path = "Nunito-BoldItalic.ttf"; sourceTree = "<group>"; };
		8C2243C02202125600C3470B /* Nunito-Regular.ttf */ = {isa = PBXFileReference; lastKnownFileType = file; path = "Nunito-Regular.ttf"; sourceTree = "<group>"; };
		8C2243C12202125600C3470B /* Nunito-ExtraBold.ttf */ = {isa = PBXFileReference; lastKnownFileType = file; path = "Nunito-ExtraBold.ttf"; sourceTree = "<group>"; };
		8C2243C22202125600C3470B /* Nunito-SemiBoldItalic.ttf */ = {isa = PBXFileReference; lastKnownFileType = file; path = "Nunito-SemiBoldItalic.ttf"; sourceTree = "<group>"; };
		8C2243D1220213A700C3470B /* Font.swift */ = {isa = PBXFileReference; lastKnownFileType = sourcecode.swift; path = Font.swift; sourceTree = "<group>"; };
		8CD3274122030922009711DA /* BonMot.framework */ = {isa = PBXFileReference; lastKnownFileType = wrapper.framework; name = BonMot.framework; path = Carthage/Build/iOS/BonMot.framework; sourceTree = "<group>"; };
		8CFA76CF2201DC8B00E4D81D /* VinylShop.app */ = {isa = PBXFileReference; explicitFileType = wrapper.application; includeInIndex = 0; path = VinylShop.app; sourceTree = BUILT_PRODUCTS_DIR; };
		8CFA76D42201DC8B00E4D81D /* ViewController.swift */ = {isa = PBXFileReference; lastKnownFileType = sourcecode.swift; path = ViewController.swift; sourceTree = "<group>"; };
		8CFA76D92201DC8C00E4D81D /* Assets.xcassets */ = {isa = PBXFileReference; lastKnownFileType = folder.assetcatalog; path = Assets.xcassets; sourceTree = "<group>"; };
		8CFA76DC2201DC8C00E4D81D /* Base */ = {isa = PBXFileReference; lastKnownFileType = file.storyboard; name = Base; path = Base.lproj/LaunchScreen.storyboard; sourceTree = "<group>"; };
		8CFA76DE2201DC8C00E4D81D /* Info.plist */ = {isa = PBXFileReference; lastKnownFileType = text.plist.xml; path = Info.plist; sourceTree = "<group>"; };
		8CFA76E32201DC8C00E4D81D /* VinylShopTests.xctest */ = {isa = PBXFileReference; explicitFileType = wrapper.cfbundle; includeInIndex = 0; path = VinylShopTests.xctest; sourceTree = BUILT_PRODUCTS_DIR; };
		8CFA76E92201DC8C00E4D81D /* Info.plist */ = {isa = PBXFileReference; lastKnownFileType = text.plist.xml; path = Info.plist; sourceTree = "<group>"; };
		8CFA76F32201E65100E4D81D /* Nimble.framework */ = {isa = PBXFileReference; lastKnownFileType = wrapper.framework; name = Nimble.framework; path = Carthage/Build/iOS/Nimble.framework; sourceTree = "<group>"; };
		8CFA76F42201E65100E4D81D /* Quick.framework */ = {isa = PBXFileReference; lastKnownFileType = wrapper.framework; name = Quick.framework; path = Carthage/Build/iOS/Quick.framework; sourceTree = "<group>"; };
		8CFA76FD2201EC4900E4D81D /* SnapshotTesting.framework */ = {isa = PBXFileReference; lastKnownFileType = wrapper.framework; name = SnapshotTesting.framework; path = Carthage/Build/iOS/SnapshotTesting.framework; sourceTree = "<group>"; };
		8CFA77002201EDAF00E4D81D /* Anchorage.framework */ = {isa = PBXFileReference; lastKnownFileType = wrapper.framework; name = Anchorage.framework; path = Carthage/Build/iOS/Anchorage.framework; sourceTree = "<group>"; };
		8CFA77072201F99A00E4D81D /* Hue.framework */ = {isa = PBXFileReference; lastKnownFileType = wrapper.framework; name = Hue.framework; path = Carthage/Build/iOS/Hue.framework; sourceTree = "<group>"; };
/* End PBXFileReference section */

/* Begin PBXFrameworksBuildPhase section */
		8CFA76CC2201DC8B00E4D81D /* Frameworks */ = {
			isa = PBXFrameworksBuildPhase;
			buildActionMask = 2147483647;
			files = (
				8CFA77012201EDAF00E4D81D /* Anchorage.framework in Frameworks */,
				8CD3274222030922009711DA /* BonMot.framework in Frameworks */,
				8CFA77082201F99A00E4D81D /* Hue.framework in Frameworks */,
			);
			runOnlyForDeploymentPostprocessing = 0;
		};
		8CFA76E02201DC8C00E4D81D /* Frameworks */ = {
			isa = PBXFrameworksBuildPhase;
			buildActionMask = 2147483647;
			files = (
				8CFA76F52201E65100E4D81D /* Nimble.framework in Frameworks */,
				8CFA76F62201E65100E4D81D /* Quick.framework in Frameworks */,
				8CFA76FE2201EC4900E4D81D /* SnapshotTesting.framework in Frameworks */,
			);
			runOnlyForDeploymentPostprocessing = 0;
		};
/* End PBXFrameworksBuildPhase section */

/* Begin PBXGroup section */
		3267201EAC7DCE15C25904CA /* UIStackView */ = {
			isa = PBXGroup;
			children = (
				32672FFA0D644C14D2F38740 /* UIStackView+ReplaceSubviews.swift */,
			);
			path = UIStackView;
			sourceTree = "<group>";
		};
		326720660B5E8851516BDBB4 /* UI */ = {
			isa = PBXGroup;
			children = (
				326726527BC828DA04A6CE02 /* Screens */,
			);
			path = UI;
			sourceTree = "<group>";
		};
		326720707CEA4ED2C55A3AE8 /* CGContext */ = {
			isa = PBXGroup;
			children = (
				32672CD2E78E0836ACDEC574 /* CGContext+DrawImage.swift */,
				32672BCA382904451C4FEBF1 /* CGContext+DrawImageSpec.swift */,
				32672F95C67E9276B2682706 /* CGContext+Globals.swift */,
			);
			path = CGContext;
			sourceTree = "<group>";
		};
		3267207C95B21E5CF77FC1C1 /* UIBezierPath */ = {
			isa = PBXGroup;
			children = (
				326726D9597284D35435DCDB /* UIBezierPath+LineInRectangle.swift */,
			);
			path = UIBezierPath;
			sourceTree = "<group>";
		};
		326720921977EC77209C8994 /* AppDelegate */ = {
			isa = PBXGroup;
			children = (
				32672CCEF714F7CDC441C9B7 /* AppDelegate.swift */,
				32672597C6B12FBFFD07B57B /* AppDelegateSpec.swift */,
			);
			path = AppDelegate;
			sourceTree = "<group>";
		};
		326720A320C7D1686B3B26B3 /* Presentation */ = {
			isa = PBXGroup;
			children = (
				326723004EC4EFEAE4668383 /* ShoppingBoxPresenter.swift */,
			);
			path = Presentation;
			sourceTree = "<group>";
		};
		3267218983D941282352EE3E /* Children */ = {
			isa = PBXGroup;
			children = (
				32672B84E0A58CF946D1BFBD /* ShoppingBar */,
			);
			path = Children;
			sourceTree = "<group>";
		};
		3267220802A73CEE9A38B5EC /* Styles */ = {
			isa = PBXGroup;
			children = (
				32672AD7C23E69A499813550 /* ShoppingBoxStyles.swift */,
			);
			path = Styles;
			sourceTree = "<group>";
		};
		326722B6885BE8529CAFAC3F /* ShoppingBox */ = {
			isa = PBXGroup;
			children = (
				32672E3276BA7CDC8B1544C5 /* Models */,
				326720A320C7D1686B3B26B3 /* Presentation */,
				3267220802A73CEE9A38B5EC /* Styles */,
				3267260406B4AD3701859D5E /* Views */,
				326724E88E5186E5360C53BB /* ShoppingBoxController.swift */,
				326728130821FC372F765BF6 /* ShoppingBoxControllerSpec.swift */,
			);
			path = ShoppingBox;
			sourceTree = "<group>";
		};
		3267232676CF985931F76135 /* Predicates */ = {
			isa = PBXGroup;
			children = (
				32672F83B16C96F68BF03EF6 /* UIImagePredicate.swift */,
			);
			path = Predicates;
			sourceTree = "<group>";
		};
		326723C7D2E90843B713781C /* UIImage */ = {
			isa = PBXGroup;
			children = (
				32672736279959EEE2EE7633 /* UIImage+Color.swift */,
			);
			path = UIImage;
			sourceTree = "<group>";
		};
		3267258B44B2884691070141 /* Extensions */ = {
			isa = PBXGroup;
			children = (
				326720707CEA4ED2C55A3AE8 /* CGContext */,
				3267207C95B21E5CF77FC1C1 /* UIBezierPath */,
				326723C7D2E90843B713781C /* UIImage */,
				3267201EAC7DCE15C25904CA /* UIStackView */,
				326725A05B7FFD9EC6057D2F /* UIViewController */,
				32672B4F7718AF9689E3763A /* UIFont */,
			);
			path = Extensions;
			sourceTree = "<group>";
		};
		326725A05B7FFD9EC6057D2F /* UIViewController */ = {
			isa = PBXGroup;
			children = (
				3267294512FB162C8DF3AE65 /* UIViewController+ChildrenSpec.swift */,
				326720D6E6D09E96DDA07856 /* UIViewController+Embed.swift */,
			);
			path = UIViewController;
			sourceTree = "<group>";
		};
		3267260406B4AD3701859D5E /* Views */ = {
			isa = PBXGroup;
			children = (
				32672B81873DCC9CF450CB27 /* ShoppingBoxFooterView.swift */,
				32672E2FFFCC144250301C26 /* ShoppingBoxItemView.swift */,
				32672758F5AEE9FEC5CAF5F7 /* ShoppingBoxItemsView.swift */,
				32672549DA59C2630442ED22 /* ShoppingBoxPriceView.swift */,
				326723B77BCBF76B8B861426 /* ShoppingBoxSeparatorView.swift */,
				32672B3020CF2515472B6E5B /* ShoppingBoxView.swift */,
			);
			path = Views;
			sourceTree = "<group>";
		};
		326726527BC828DA04A6CE02 /* Screens */ = {
			isa = PBXGroup;
			children = (
				326722B6885BE8529CAFAC3F /* ShoppingBox */,
				326727D682D021F746C94C6D /* VinylPage */,
			);
			path = Screens;
			sourceTree = "<group>";
		};
		326726EBC31BB9CCB0A9677C /* Tests */ = {
			isa = PBXGroup;
			children = (
				32672FE9056FD204EBE9A1C7 /* Utilities */,
			);
			path = Tests;
			sourceTree = "<group>";
		};
		326727D682D021F746C94C6D /* VinylPage */ = {
			isa = PBXGroup;
			children = (
				3267218983D941282352EE3E /* Children */,
			);
			path = VinylPage;
			sourceTree = "<group>";
		};
		326728F87C8E3A196A220865 /* Styles */ = {
			isa = PBXGroup;
			children = (
				32672BED0705778B22001111 /* Color.swift */,
				8C2243D1220213A700C3470B /* Font.swift */,
				32672AE680239A70B031D0F0 /* RoundedCorner.swift */,
				3267270A4EB69958133B7A24 /* Styles.swift */,
			);
			path = Styles;
			sourceTree = "<group>";
		};
		32672B4F7718AF9689E3763A /* UIFont */ = {
			isa = PBXGroup;
			children = (
				3267296229946757EEAEABDE /* UIFont+Convenience.swift */,
			);
			path = UIFont;
			sourceTree = "<group>";
		};
		32672B84E0A58CF946D1BFBD /* ShoppingBar */ = {
			isa = PBXGroup;
			children = (
				3267237828F14E83A35A2770 /* ShoppingBarControllerSpec.swift */,
				32672076101FBF6DCA4A2937 /* ShoppingBarController.swift */,
			);
			path = ShoppingBar;
			sourceTree = "<group>";
		};
		32672CFAAE3B1ACA9DE1C614 /* Extensions */ = {
			isa = PBXGroup;
			children = (
				3267244A4AE082E5C036BD56 /* CGContext+ResetGlobals.swift */,
			);
			path = Extensions;
			sourceTree = "<group>";
		};
		32672D51B1B16D89C4248069 /* Configurations */ = {
			isa = PBXGroup;
			children = (
				326721C215E4A730D48F81B8 /* SnapshotDiffToolConfiguration.swift */,
			);
			path = Configurations;
			sourceTree = "<group>";
		};
		32672E3276BA7CDC8B1544C5 /* Models */ = {
			isa = PBXGroup;
			children = (
				32672E5BECAB5E8AA3B3D713 /* Album.swift */,
			);
			path = Models;
			sourceTree = "<group>";
		};
		32672EBAACC8FE11E011AA0D /* Functions */ = {
			isa = PBXGroup;
			children = (
				3267214B2128E42E7806BB23 /* Appliance.swift */,
				32672E479F609D652BA12E76 /* ApplianceSpec.swift */,
				326724162483BD5825424EF9 /* Composition.swift */,
				32672696104257987B079EC4 /* CompositionSpec.swift */,
			);
			path = Functions;
			sourceTree = "<group>";
		};
		32672FE9056FD204EBE9A1C7 /* Utilities */ = {
			isa = PBXGroup;
			children = (
				32672D51B1B16D89C4248069 /* Configurations */,
				32672CFAAE3B1ACA9DE1C614 /* Extensions */,
				3267232676CF985931F76135 /* Predicates */,
			);
			path = Utilities;
			sourceTree = "<group>";
		};
		8C2243B2220211C800C3470B /* Assets */ = {
			isa = PBXGroup;
			children = (
				8C2243B4220211DA00C3470B /* Fonts */,
				8C2243B3220211D200C3470B /* Images */,
			);
			path = Assets;
			sourceTree = "<group>";
		};
		8C2243B3220211D200C3470B /* Images */ = {
			isa = PBXGroup;
			children = (
				8CFA76D92201DC8C00E4D81D /* Assets.xcassets */,
			);
			path = Images;
			sourceTree = "<group>";
		};
		8C2243B4220211DA00C3470B /* Fonts */ = {
			isa = PBXGroup;
			children = (
				8C2243B72202125600C3470B /* Nunito-Black.ttf */,
				8C2243BC2202125600C3470B /* Nunito-BlackItalic.ttf */,
				8C2243B52202125600C3470B /* Nunito-Bold.ttf */,
				8C2243BF2202125600C3470B /* Nunito-BoldItalic.ttf */,
				8C2243C12202125600C3470B /* Nunito-ExtraBold.ttf */,
				8C2243B62202125600C3470B /* Nunito-ExtraBoldItalic.ttf */,
				8C2243B82202125600C3470B /* Nunito-ExtraLight.ttf */,
				8C2243BE2202125600C3470B /* Nunito-ExtraLightItalic.ttf */,
				8C2243B92202125600C3470B /* Nunito-Italic.ttf */,
				8C2243BB2202125600C3470B /* Nunito-Light.ttf */,
				8C2243BD2202125600C3470B /* Nunito-LightItalic.ttf */,
				8C2243C02202125600C3470B /* Nunito-Regular.ttf */,
				8C2243BA2202125600C3470B /* Nunito-SemiBold.ttf */,
				8C2243C22202125600C3470B /* Nunito-SemiBoldItalic.ttf */,
			);
			path = Fonts;
			sourceTree = "<group>";
		};
		8CFA76C62201DC8B00E4D81D = {
			isa = PBXGroup;
			children = (
				8CFA76F22201E65100E4D81D /* Frameworks */,
				8CFA76D02201DC8B00E4D81D /* Products */,
				8CFA76D12201DC8B00E4D81D /* VinylShop */,
				8CFA76E62201DC8C00E4D81D /* VinylShopTests */,
			);
			sourceTree = "<group>";
		};
		8CFA76D02201DC8B00E4D81D /* Products */ = {
			isa = PBXGroup;
			children = (
				8CFA76CF2201DC8B00E4D81D /* VinylShop.app */,
				8CFA76E32201DC8C00E4D81D /* VinylShopTests.xctest */,
			);
			name = Products;
			sourceTree = "<group>";
		};
		8CFA76D12201DC8B00E4D81D /* VinylShop */ = {
			isa = PBXGroup;
			children = (
				326720921977EC77209C8994 /* AppDelegate */,
				8C2243B2220211C800C3470B /* Assets */,
				3267258B44B2884691070141 /* Extensions */,
				32672EBAACC8FE11E011AA0D /* Functions */,
				326728F87C8E3A196A220865 /* Styles */,
				326726EBC31BB9CCB0A9677C /* Tests */,
				326720660B5E8851516BDBB4 /* UI */,
				8CFA76DE2201DC8C00E4D81D /* Info.plist */,
				8CFA76DB2201DC8C00E4D81D /* LaunchScreen.storyboard */,
				8CFA76D42201DC8B00E4D81D /* ViewController.swift */,
			);
			path = VinylShop;
			sourceTree = "<group>";
		};
		8CFA76E62201DC8C00E4D81D /* VinylShopTests */ = {
			isa = PBXGroup;
			children = (
				8CFA76E92201DC8C00E4D81D /* Info.plist */,
			);
			path = VinylShopTests;
			sourceTree = "<group>";
		};
		8CFA76F22201E65100E4D81D /* Frameworks */ = {
			isa = PBXGroup;
			children = (
				8CD3274122030922009711DA /* BonMot.framework */,
				8CFA77072201F99A00E4D81D /* Hue.framework */,
				8CFA77002201EDAF00E4D81D /* Anchorage.framework */,
				8CFA76FD2201EC4900E4D81D /* SnapshotTesting.framework */,
				8CFA76F32201E65100E4D81D /* Nimble.framework */,
				8CFA76F42201E65100E4D81D /* Quick.framework */,
			);
			name = Frameworks;
			sourceTree = "<group>";
		};
/* End PBXGroup section */

/* Begin PBXNativeTarget section */
		8CFA76CE2201DC8B00E4D81D /* VinylShop */ = {
			isa = PBXNativeTarget;
			buildConfigurationList = 8CFA76EC2201DC8C00E4D81D /* Build configuration list for PBXNativeTarget "VinylShop" */;
			buildPhases = (
				8CFA76CB2201DC8B00E4D81D /* Sources */,
				8CFA77032201EE9F00E4D81D /* Carthage Copy Frameworks */,
				8CFA77052201EEF700E4D81D /* Carthage Outdated Dependencies */,
				8CFA76CC2201DC8B00E4D81D /* Frameworks */,
				8CFA76CD2201DC8B00E4D81D /* Resources */,
			);
			buildRules = (
			);
			dependencies = (
			);
			name = VinylShop;
			productName = VinylShop;
			productReference = 8CFA76CF2201DC8B00E4D81D /* VinylShop.app */;
			productType = "com.apple.product-type.application";
		};
		8CFA76E22201DC8C00E4D81D /* VinylShopTests */ = {
			isa = PBXNativeTarget;
			buildConfigurationList = 8CFA76EF2201DC8C00E4D81D /* Build configuration list for PBXNativeTarget "VinylShopTests" */;
			buildPhases = (
				8CFA76DF2201DC8C00E4D81D /* Sources */,
				8CFA76E02201DC8C00E4D81D /* Frameworks */,
				8CFA76E12201DC8C00E4D81D /* Resources */,
				8CFA76FA2201E76200E4D81D /* CopyFiles */,
			);
			buildRules = (
			);
			dependencies = (
				8CFA76E52201DC8C00E4D81D /* PBXTargetDependency */,
			);
			name = VinylShopTests;
			productName = VinylShopTests;
			productReference = 8CFA76E32201DC8C00E4D81D /* VinylShopTests.xctest */;
			productType = "com.apple.product-type.bundle.unit-test";
		};
/* End PBXNativeTarget section */

/* Begin PBXProject section */
		8CFA76C72201DC8B00E4D81D /* Project object */ = {
			isa = PBXProject;
			attributes = {
				LastSwiftUpdateCheck = 1010;
				LastUpgradeCheck = 1010;
				ORGANIZATIONNAME = "EL Passion";
				TargetAttributes = {
					8CFA76CE2201DC8B00E4D81D = {
						CreatedOnToolsVersion = 10.1;
					};
					8CFA76E22201DC8C00E4D81D = {
						CreatedOnToolsVersion = 10.1;
						TestTargetID = 8CFA76CE2201DC8B00E4D81D;
					};
				};
			};
			buildConfigurationList = 8CFA76CA2201DC8B00E4D81D /* Build configuration list for PBXProject "VinylShop" */;
			compatibilityVersion = "Xcode 9.3";
			developmentRegion = en;
			hasScannedForEncodings = 0;
			knownRegions = (
				en,
				Base,
			);
			mainGroup = 8CFA76C62201DC8B00E4D81D;
			productRefGroup = 8CFA76D02201DC8B00E4D81D /* Products */;
			projectDirPath = "";
			projectRoot = "";
			targets = (
				8CFA76CE2201DC8B00E4D81D /* VinylShop */,
				8CFA76E22201DC8C00E4D81D /* VinylShopTests */,
			);
		};
/* End PBXProject section */

/* Begin PBXResourcesBuildPhase section */
		8CFA76CD2201DC8B00E4D81D /* Resources */ = {
			isa = PBXResourcesBuildPhase;
			buildActionMask = 2147483647;
			files = (
				8C2243C82202125600C3470B /* Nunito-SemiBold.ttf in Resources */,
				8CFA76DD2201DC8C00E4D81D /* LaunchScreen.storyboard in Resources */,
				8C2243C92202125600C3470B /* Nunito-Light.ttf in Resources */,
				8C2243C52202125600C3470B /* Nunito-Black.ttf in Resources */,
				8C2243D02202125600C3470B /* Nunito-SemiBoldItalic.ttf in Resources */,
				8C2243CE2202125600C3470B /* Nunito-Regular.ttf in Resources */,
				8C2243C32202125600C3470B /* Nunito-Bold.ttf in Resources */,
				8C2243C62202125600C3470B /* Nunito-ExtraLight.ttf in Resources */,
				8CFA76DA2201DC8C00E4D81D /* Assets.xcassets in Resources */,
				8C2243CC2202125600C3470B /* Nunito-ExtraLightItalic.ttf in Resources */,
				8C2243CB2202125600C3470B /* Nunito-LightItalic.ttf in Resources */,
				8C2243C72202125600C3470B /* Nunito-Italic.ttf in Resources */,
				8C2243C42202125600C3470B /* Nunito-ExtraBoldItalic.ttf in Resources */,
				8C2243CF2202125600C3470B /* Nunito-ExtraBold.ttf in Resources */,
				8C2243CA2202125600C3470B /* Nunito-BlackItalic.ttf in Resources */,
				8C2243CD2202125600C3470B /* Nunito-BoldItalic.ttf in Resources */,
			);
			runOnlyForDeploymentPostprocessing = 0;
		};
		8CFA76E12201DC8C00E4D81D /* Resources */ = {
			isa = PBXResourcesBuildPhase;
			buildActionMask = 2147483647;
			files = (
			);
			runOnlyForDeploymentPostprocessing = 0;
		};
/* End PBXResourcesBuildPhase section */

/* Begin PBXShellScriptBuildPhase section */
		8CFA77032201EE9F00E4D81D /* Carthage Copy Frameworks */ = {
			isa = PBXShellScriptBuildPhase;
			buildActionMask = 2147483647;
			files = (
			);
			inputFileListPaths = (
			);
			inputPaths = (
				"$(SRCROOT)/Carthage/Build/iOS/Anchorage.framework",
				"$(SRCROOT)/Carthage/Build/iOS/Hue.framework",
				"$(SRCROOT)/Carthage/Build/iOS/BonMot.framework",
			);
			name = "Carthage Copy Frameworks";
			outputFileListPaths = (
			);
			outputPaths = (
				"$(BUILT_PRODUCTS_DIR)/$(FRAMEWORKS_FOLDER_PATH)/Anchorage.framework",
				"$(BUILT_PRODUCTS_DIR)/$(FRAMEWORKS_FOLDER_PATH)/Hue.framework",
				"$(BUILT_PRODUCTS_DIR)/$(FRAMEWORKS_FOLDER_PATH)/BonMot.framework",
			);
			runOnlyForDeploymentPostprocessing = 0;
			shellPath = /bin/sh;
			shellScript = "/usr/local/bin/carthage copy-frameworks\n";
		};
		8CFA77052201EEF700E4D81D /* Carthage Outdated Dependencies */ = {
			isa = PBXShellScriptBuildPhase;
			buildActionMask = 2147483647;
			files = (
			);
			inputFileListPaths = (
			);
			inputPaths = (
			);
			name = "Carthage Outdated Dependencies";
			outputFileListPaths = (
			);
			outputPaths = (
			);
			runOnlyForDeploymentPostprocessing = 0;
			shellPath = /bin/sh;
			shellScript = "/usr/local/bin/carthage outdated --xcode-warnings\n";
		};
/* End PBXShellScriptBuildPhase section */

/* Begin PBXSourcesBuildPhase section */
		8CFA76CB2201DC8B00E4D81D /* Sources */ = {
			isa = PBXSourcesBuildPhase;
			buildActionMask = 2147483647;
			files = (
				8CFA76D52201DC8B00E4D81D /* ViewController.swift in Sources */,
				8C2243D2220213A700C3470B /* Font.swift in Sources */,
				326725D5281E8E88A54608BA /* ShoppingBoxController.swift in Sources */,
				326728245FDC15C17E529A87 /* ShoppingBoxView.swift in Sources */,
				32672804EA13374BB7FCE6BA /* AppDelegate.swift in Sources */,
				3267255DA6CB95D2D25F1451 /* Styles.swift in Sources */,
				32672A3C1C9B55A91552BD42 /* RoundedCorner.swift in Sources */,
				326727EB2D1BC47DB2CF63EF /* Composition.swift in Sources */,
				32672F01BC5D2D648DEA8C11 /* Appliance.swift in Sources */,
				3267250311180D7BDCD41DAD /* ShoppingBoxItemView.swift in Sources */,
				32672E6AF0F897929D648415 /* Color.swift in Sources */,
				32672681BBCAEB446548E977 /* ShoppingBoxPriceView.swift in Sources */,
				326721A42AEE55DED4EBF6F5 /* ShoppingBoxSeparatorView.swift in Sources */,
				32672FFF6543A21405F89EAA /* ShoppingBoxItemsView.swift in Sources */,
				3267285FED249CC505AC098E /* ShoppingBoxPresenter.swift in Sources */,
				32672E225BB372FEACCDFDB1 /* Album.swift in Sources */,
				326721462EE4DE7D11763D5E /* ShoppingBoxFooterView.swift in Sources */,
				3267272E7AFC942CF7674E1E /* UIBezierPath+LineInRectangle.swift in Sources */,
				326726D75CFC5FAAEF190469 /* UIStackView+ReplaceSubviews.swift in Sources */,
				3267209665B67BFC9F92228C /* CGContext+DrawImage.swift in Sources */,
				326729975058D7976C62D978 /* CGContext+Globals.swift in Sources */,
				3267248AF1A53F1BD2544336 /* UIImage+Color.swift in Sources */,
				32672848E415A5994F8B13B5 /* ShoppingBoxStyles.swift in Sources */,
				32672F749470BDAF17C3EEA4 /* UIViewController+Embed.swift in Sources */,
				3267267ACE9FF34308BD5EF2 /* UIFont+Convenience.swift in Sources */,
				32672532256CC5BB1289AED9 /* ShoppingBarController.swift in Sources */,
			);
			runOnlyForDeploymentPostprocessing = 0;
		};
		8CFA76DF2201DC8C00E4D81D /* Sources */ = {
			isa = PBXSourcesBuildPhase;
			buildActionMask = 2147483647;
			files = (
				32672FB9984B27608A77D966 /* ShoppingBoxControllerSpec.swift in Sources */,
				326725B60D2A34323456CEC7 /* AppDelegateSpec.swift in Sources */,
				32672801CD78691A92F6EB6B /* CompositionSpec.swift in Sources */,
				326727B2B73CAB039371B057 /* ApplianceSpec.swift in Sources */,
				32672968B43BF011B44A1CAD /* CGContext+DrawImageSpec.swift in Sources */,
				32672248680F89E556E0C4C5 /* CGContext+ResetGlobals.swift in Sources */,
				32672F2B267BB5A747026B05 /* SnapshotDiffToolConfiguration.swift in Sources */,
				3267293BC7D13AB8EA9B5C1B /* UIImagePredicate.swift in Sources */,
				326729327168E46CFB2F65D4 /* UIViewController+ChildrenSpec.swift in Sources */,
				32672536137E871ECBF3C09E /* ShoppingBarControllerSpec.swift in Sources */,
			);
			runOnlyForDeploymentPostprocessing = 0;
		};
/* End PBXSourcesBuildPhase section */

/* Begin PBXTargetDependency section */
		8CFA76E52201DC8C00E4D81D /* PBXTargetDependency */ = {
			isa = PBXTargetDependency;
			target = 8CFA76CE2201DC8B00E4D81D /* VinylShop */;
			targetProxy = 8CFA76E42201DC8C00E4D81D /* PBXContainerItemProxy */;
		};
/* End PBXTargetDependency section */

/* Begin PBXVariantGroup section */
		8CFA76DB2201DC8C00E4D81D /* LaunchScreen.storyboard */ = {
			isa = PBXVariantGroup;
			children = (
				8CFA76DC2201DC8C00E4D81D /* Base */,
			);
			name = LaunchScreen.storyboard;
			sourceTree = "<group>";
		};
/* End PBXVariantGroup section */

/* Begin XCBuildConfiguration section */
		8CFA76EA2201DC8C00E4D81D /* Debug */ = {
			isa = XCBuildConfiguration;
			buildSettings = {
				ALWAYS_SEARCH_USER_PATHS = NO;
				CLANG_ANALYZER_NONNULL = YES;
				CLANG_ANALYZER_NUMBER_OBJECT_CONVERSION = YES_AGGRESSIVE;
				CLANG_CXX_LANGUAGE_STANDARD = "gnu++14";
				CLANG_CXX_LIBRARY = "libc++";
				CLANG_ENABLE_MODULES = YES;
				CLANG_ENABLE_OBJC_ARC = YES;
				CLANG_ENABLE_OBJC_WEAK = YES;
				CLANG_WARN_BLOCK_CAPTURE_AUTORELEASING = YES;
				CLANG_WARN_BOOL_CONVERSION = YES;
				CLANG_WARN_COMMA = YES;
				CLANG_WARN_CONSTANT_CONVERSION = YES;
				CLANG_WARN_DEPRECATED_OBJC_IMPLEMENTATIONS = YES;
				CLANG_WARN_DIRECT_OBJC_ISA_USAGE = YES_ERROR;
				CLANG_WARN_DOCUMENTATION_COMMENTS = YES;
				CLANG_WARN_EMPTY_BODY = YES;
				CLANG_WARN_ENUM_CONVERSION = YES;
				CLANG_WARN_INFINITE_RECURSION = YES;
				CLANG_WARN_INT_CONVERSION = YES;
				CLANG_WARN_NON_LITERAL_NULL_CONVERSION = YES;
				CLANG_WARN_OBJC_IMPLICIT_RETAIN_SELF = YES;
				CLANG_WARN_OBJC_LITERAL_CONVERSION = YES;
				CLANG_WARN_OBJC_ROOT_CLASS = YES_ERROR;
				CLANG_WARN_RANGE_LOOP_ANALYSIS = YES;
				CLANG_WARN_STRICT_PROTOTYPES = YES;
				CLANG_WARN_SUSPICIOUS_MOVE = YES;
				CLANG_WARN_UNGUARDED_AVAILABILITY = YES_AGGRESSIVE;
				CLANG_WARN_UNREACHABLE_CODE = YES;
				CLANG_WARN__DUPLICATE_METHOD_MATCH = YES;
				CODE_SIGN_IDENTITY = "iPhone Developer";
				COPY_PHASE_STRIP = NO;
				DEBUG_INFORMATION_FORMAT = dwarf;
				ENABLE_STRICT_OBJC_MSGSEND = YES;
				ENABLE_TESTABILITY = YES;
				GCC_C_LANGUAGE_STANDARD = gnu11;
				GCC_DYNAMIC_NO_PIC = NO;
				GCC_NO_COMMON_BLOCKS = YES;
				GCC_OPTIMIZATION_LEVEL = 0;
				GCC_PREPROCESSOR_DEFINITIONS = (
					"DEBUG=1",
					"$(inherited)",
				);
				GCC_WARN_64_TO_32_BIT_CONVERSION = YES;
				GCC_WARN_ABOUT_RETURN_TYPE = YES_ERROR;
				GCC_WARN_UNDECLARED_SELECTOR = YES;
				GCC_WARN_UNINITIALIZED_AUTOS = YES_AGGRESSIVE;
				GCC_WARN_UNUSED_FUNCTION = YES;
				GCC_WARN_UNUSED_VARIABLE = YES;
				IPHONEOS_DEPLOYMENT_TARGET = 12.1;
				MTL_ENABLE_DEBUG_INFO = INCLUDE_SOURCE;
				MTL_FAST_MATH = YES;
				ONLY_ACTIVE_ARCH = YES;
				SDKROOT = iphoneos;
				SWIFT_ACTIVE_COMPILATION_CONDITIONS = DEBUG;
				SWIFT_OPTIMIZATION_LEVEL = "-Onone";
			};
			name = Debug;
		};
		8CFA76EB2201DC8C00E4D81D /* Release */ = {
			isa = XCBuildConfiguration;
			buildSettings = {
				ALWAYS_SEARCH_USER_PATHS = NO;
				CLANG_ANALYZER_NONNULL = YES;
				CLANG_ANALYZER_NUMBER_OBJECT_CONVERSION = YES_AGGRESSIVE;
				CLANG_CXX_LANGUAGE_STANDARD = "gnu++14";
				CLANG_CXX_LIBRARY = "libc++";
				CLANG_ENABLE_MODULES = YES;
				CLANG_ENABLE_OBJC_ARC = YES;
				CLANG_ENABLE_OBJC_WEAK = YES;
				CLANG_WARN_BLOCK_CAPTURE_AUTORELEASING = YES;
				CLANG_WARN_BOOL_CONVERSION = YES;
				CLANG_WARN_COMMA = YES;
				CLANG_WARN_CONSTANT_CONVERSION = YES;
				CLANG_WARN_DEPRECATED_OBJC_IMPLEMENTATIONS = YES;
				CLANG_WARN_DIRECT_OBJC_ISA_USAGE = YES_ERROR;
				CLANG_WARN_DOCUMENTATION_COMMENTS = YES;
				CLANG_WARN_EMPTY_BODY = YES;
				CLANG_WARN_ENUM_CONVERSION = YES;
				CLANG_WARN_INFINITE_RECURSION = YES;
				CLANG_WARN_INT_CONVERSION = YES;
				CLANG_WARN_NON_LITERAL_NULL_CONVERSION = YES;
				CLANG_WARN_OBJC_IMPLICIT_RETAIN_SELF = YES;
				CLANG_WARN_OBJC_LITERAL_CONVERSION = YES;
				CLANG_WARN_OBJC_ROOT_CLASS = YES_ERROR;
				CLANG_WARN_RANGE_LOOP_ANALYSIS = YES;
				CLANG_WARN_STRICT_PROTOTYPES = YES;
				CLANG_WARN_SUSPICIOUS_MOVE = YES;
				CLANG_WARN_UNGUARDED_AVAILABILITY = YES_AGGRESSIVE;
				CLANG_WARN_UNREACHABLE_CODE = YES;
				CLANG_WARN__DUPLICATE_METHOD_MATCH = YES;
				CODE_SIGN_IDENTITY = "iPhone Developer";
				COPY_PHASE_STRIP = NO;
				DEBUG_INFORMATION_FORMAT = "dwarf-with-dsym";
				ENABLE_NS_ASSERTIONS = NO;
				ENABLE_STRICT_OBJC_MSGSEND = YES;
				GCC_C_LANGUAGE_STANDARD = gnu11;
				GCC_NO_COMMON_BLOCKS = YES;
				GCC_WARN_64_TO_32_BIT_CONVERSION = YES;
				GCC_WARN_ABOUT_RETURN_TYPE = YES_ERROR;
				GCC_WARN_UNDECLARED_SELECTOR = YES;
				GCC_WARN_UNINITIALIZED_AUTOS = YES_AGGRESSIVE;
				GCC_WARN_UNUSED_FUNCTION = YES;
				GCC_WARN_UNUSED_VARIABLE = YES;
				IPHONEOS_DEPLOYMENT_TARGET = 12.1;
				MTL_ENABLE_DEBUG_INFO = NO;
				MTL_FAST_MATH = YES;
				SDKROOT = iphoneos;
				SWIFT_COMPILATION_MODE = wholemodule;
				SWIFT_OPTIMIZATION_LEVEL = "-O";
				VALIDATE_PRODUCT = YES;
			};
			name = Release;
		};
		8CFA76ED2201DC8C00E4D81D /* Debug */ = {
			isa = XCBuildConfiguration;
			buildSettings = {
				ASSETCATALOG_COMPILER_APPICON_NAME = AppIcon;
				CODE_SIGN_STYLE = Automatic;
				FRAMEWORK_SEARCH_PATHS = (
					"$(inherited)",
					"$(PROJECT_DIR)/Carthage/Build/iOS",
				);
				INFOPLIST_FILE = VinylShop/Info.plist;
				LD_RUNPATH_SEARCH_PATHS = (
					"$(inherited)",
					"@executable_path/Frameworks",
				);
				PRODUCT_BUNDLE_IDENTIFIER = com.elpassion.VinylShop;
				PRODUCT_NAME = "$(TARGET_NAME)";
				SWIFT_VERSION = 4.2;
				TARGETED_DEVICE_FAMILY = "1,2";
			};
			name = Debug;
		};
		8CFA76EE2201DC8C00E4D81D /* Release */ = {
			isa = XCBuildConfiguration;
			buildSettings = {
				ASSETCATALOG_COMPILER_APPICON_NAME = AppIcon;
				CODE_SIGN_STYLE = Automatic;
				FRAMEWORK_SEARCH_PATHS = (
					"$(inherited)",
					"$(PROJECT_DIR)/Carthage/Build/iOS",
				);
				INFOPLIST_FILE = VinylShop/Info.plist;
				LD_RUNPATH_SEARCH_PATHS = (
					"$(inherited)",
					"@executable_path/Frameworks",
				);
				PRODUCT_BUNDLE_IDENTIFIER = com.elpassion.VinylShop;
				PRODUCT_NAME = "$(TARGET_NAME)";
				SWIFT_VERSION = 4.2;
				TARGETED_DEVICE_FAMILY = "1,2";
			};
			name = Release;
		};
		8CFA76F02201DC8C00E4D81D /* Debug */ = {
			isa = XCBuildConfiguration;
			buildSettings = {
				ALWAYS_EMBED_SWIFT_STANDARD_LIBRARIES = YES;
				BUNDLE_LOADER = "$(TEST_HOST)";
				CODE_SIGN_STYLE = Automatic;
				FRAMEWORK_SEARCH_PATHS = (
					"$(inherited)",
					"$(PROJECT_DIR)/Carthage/Build/iOS",
				);
				INFOPLIST_FILE = VinylShopTests/Info.plist;
				LD_RUNPATH_SEARCH_PATHS = (
					"$(inherited)",
					"@executable_path/Frameworks",
					"@loader_path/Frameworks",
				);
				PRODUCT_BUNDLE_IDENTIFIER = com.elpassion.VinylShopTests;
				PRODUCT_NAME = "$(TARGET_NAME)";
				SWIFT_VERSION = 4.2;
				TARGETED_DEVICE_FAMILY = "1,2";
				TEST_HOST = "$(BUILT_PRODUCTS_DIR)/VinylShop.app/VinylShop";
			};
			name = Debug;
		};
		8CFA76F12201DC8C00E4D81D /* Release */ = {
			isa = XCBuildConfiguration;
			buildSettings = {
				ALWAYS_EMBED_SWIFT_STANDARD_LIBRARIES = YES;
				BUNDLE_LOADER = "$(TEST_HOST)";
				CODE_SIGN_STYLE = Automatic;
				FRAMEWORK_SEARCH_PATHS = (
					"$(inherited)",
					"$(PROJECT_DIR)/Carthage/Build/iOS",
				);
				INFOPLIST_FILE = VinylShopTests/Info.plist;
				LD_RUNPATH_SEARCH_PATHS = (
					"$(inherited)",
					"@executable_path/Frameworks",
					"@loader_path/Frameworks",
				);
				PRODUCT_BUNDLE_IDENTIFIER = com.elpassion.VinylShopTests;
				PRODUCT_NAME = "$(TARGET_NAME)";
				SWIFT_VERSION = 4.2;
				TARGETED_DEVICE_FAMILY = "1,2";
				TEST_HOST = "$(BUILT_PRODUCTS_DIR)/VinylShop.app/VinylShop";
			};
			name = Release;
		};
/* End XCBuildConfiguration section */

/* Begin XCConfigurationList section */
		8CFA76CA2201DC8B00E4D81D /* Build configuration list for PBXProject "VinylShop" */ = {
			isa = XCConfigurationList;
			buildConfigurations = (
				8CFA76EA2201DC8C00E4D81D /* Debug */,
				8CFA76EB2201DC8C00E4D81D /* Release */,
			);
			defaultConfigurationIsVisible = 0;
			defaultConfigurationName = Release;
		};
		8CFA76EC2201DC8C00E4D81D /* Build configuration list for PBXNativeTarget "VinylShop" */ = {
			isa = XCConfigurationList;
			buildConfigurations = (
				8CFA76ED2201DC8C00E4D81D /* Debug */,
				8CFA76EE2201DC8C00E4D81D /* Release */,
			);
			defaultConfigurationIsVisible = 0;
			defaultConfigurationName = Release;
		};
		8CFA76EF2201DC8C00E4D81D /* Build configuration list for PBXNativeTarget "VinylShopTests" */ = {
			isa = XCConfigurationList;
			buildConfigurations = (
				8CFA76F02201DC8C00E4D81D /* Debug */,
				8CFA76F12201DC8C00E4D81D /* Release */,
			);
			defaultConfigurationIsVisible = 0;
			defaultConfigurationName = Release;
		};
/* End XCConfigurationList section */
	};
	rootObject = 8CFA76C72201DC8B00E4D81D /* Project object */;
}
